// !$*UTF8*$!
{
	archiveVersion = 1;
	classes = {
	};
	objectVersion = 56;
	objects = {

/* Begin PBXBuildFile section */
		D30942C42949F4EE005751BB /* SwiftUICalendar in Frameworks */ = {isa = PBXBuildFile; productRef = D30942C32949F4EE005751BB /* SwiftUICalendar */; };
		D31373F1294B56CE00C519D0 /* CalendarView.swift in Sources */ = {isa = PBXBuildFile; fileRef = D31373F0294B56CE00C519D0 /* CalendarView.swift */; };
		D31373F3294B56E600C519D0 /* CustomDatePicker.swift in Sources */ = {isa = PBXBuildFile; fileRef = D31373F2294B56E600C519D0 /* CustomDatePicker.swift */; };
		D31B23CC29472E2600B869A6 /* MedicineTimeApp.swift in Sources */ = {isa = PBXBuildFile; fileRef = D31B23CB29472E2600B869A6 /* MedicineTimeApp.swift */; };
		D31B23CE29472E2600B869A6 /* ContentView.swift in Sources */ = {isa = PBXBuildFile; fileRef = D31B23CD29472E2600B869A6 /* ContentView.swift */; };
		D31B23D029472E2600B869A6 /* Assets.xcassets in Resources */ = {isa = PBXBuildFile; fileRef = D31B23CF29472E2600B869A6 /* Assets.xcassets */; };
		D31B23D329472E2600B869A6 /* Preview Assets.xcassets in Resources */ = {isa = PBXBuildFile; fileRef = D31B23D229472E2600B869A6 /* Preview Assets.xcassets */; };
		D3706987294B57BE00B137DD /* DateValue.swift in Sources */ = {isa = PBXBuildFile; fileRef = D3706986294B57BE00B137DD /* DateValue.swift */; };
		D3706989294B57CB00B137DD /* Task.swift in Sources */ = {isa = PBXBuildFile; fileRef = D3706988294B57CB00B137DD /* Task.swift */; };
		D370698B294B59CD00B137DD /* AddMedicineView.swift in Sources */ = {isa = PBXBuildFile; fileRef = D370698A294B59CD00B137DD /* AddMedicineView.swift */; };
		D370698D294B5C8400B137DD /* SearchBar.swift in Sources */ = {isa = PBXBuildFile; fileRef = D370698C294B5C8400B137DD /* SearchBar.swift */; };
		D370698F294B5E1300B137DD /* SearchMedicineView.swift in Sources */ = {isa = PBXBuildFile; fileRef = D370698E294B5E1200B137DD /* SearchMedicineView.swift */; };
		D3706992294B6DF900B137DD /* BaseAPI.swift in Sources */ = {isa = PBXBuildFile; fileRef = D3706991294B6DF900B137DD /* BaseAPI.swift */; };
		D3706995294B80C200B137DD /* SearchViewModel.swift in Sources */ = {isa = PBXBuildFile; fileRef = D3706994294B80C200B137DD /* SearchViewModel.swift */; };
		D370699B2951E36D00B137DD /* SettingView.swift in Sources */ = {isa = PBXBuildFile; fileRef = D370699A2951E36D00B137DD /* SettingView.swift */; };
		D370699D2953223900B137DD /* Medicine.swift in Sources */ = {isa = PBXBuildFile; fileRef = D370699C2953223900B137DD /* Medicine.swift */; };
		D370699F2958B8FC00B137DD /* APIKeys.swift in Sources */ = {isa = PBXBuildFile; fileRef = D370699E2958B8FC00B137DD /* APIKeys.swift */; };
/* End PBXBuildFile section */

/* Begin PBXFileReference section */
		D31373F0294B56CE00C519D0 /* CalendarView.swift */ = {isa = PBXFileReference; lastKnownFileType = sourcecode.swift; path = CalendarView.swift; sourceTree = "<group>"; };
		D31373F2294B56E600C519D0 /* CustomDatePicker.swift */ = {isa = PBXFileReference; lastKnownFileType = sourcecode.swift; path = CustomDatePicker.swift; sourceTree = "<group>"; };
		D31B23C829472E2600B869A6 /* MedicineTime.app */ = {isa = PBXFileReference; explicitFileType = wrapper.application; includeInIndex = 0; path = MedicineTime.app; sourceTree = BUILT_PRODUCTS_DIR; };
		D31B23CB29472E2600B869A6 /* MedicineTimeApp.swift */ = {isa = PBXFileReference; lastKnownFileType = sourcecode.swift; path = MedicineTimeApp.swift; sourceTree = "<group>"; };
		D31B23CD29472E2600B869A6 /* ContentView.swift */ = {isa = PBXFileReference; lastKnownFileType = sourcecode.swift; path = ContentView.swift; sourceTree = "<group>"; };
		D31B23CF29472E2600B869A6 /* Assets.xcassets */ = {isa = PBXFileReference; lastKnownFileType = folder.assetcatalog; path = Assets.xcassets; sourceTree = "<group>"; };
		D31B23D229472E2600B869A6 /* Preview Assets.xcassets */ = {isa = PBXFileReference; lastKnownFileType = folder.assetcatalog; path = "Preview Assets.xcassets"; sourceTree = "<group>"; };
		D3706986294B57BE00B137DD /* DateValue.swift */ = {isa = PBXFileReference; lastKnownFileType = sourcecode.swift; path = DateValue.swift; sourceTree = "<group>"; };
		D3706988294B57CB00B137DD /* Task.swift */ = {isa = PBXFileReference; lastKnownFileType = sourcecode.swift; path = Task.swift; sourceTree = "<group>"; };
		D370698A294B59CD00B137DD /* AddMedicineView.swift */ = {isa = PBXFileReference; lastKnownFileType = sourcecode.swift; path = AddMedicineView.swift; sourceTree = "<group>"; };
		D370698C294B5C8400B137DD /* SearchBar.swift */ = {isa = PBXFileReference; lastKnownFileType = sourcecode.swift; path = SearchBar.swift; sourceTree = "<group>"; };
		D370698E294B5E1200B137DD /* SearchMedicineView.swift */ = {isa = PBXFileReference; lastKnownFileType = sourcecode.swift; path = SearchMedicineView.swift; sourceTree = "<group>"; };
		D3706991294B6DF900B137DD /* BaseAPI.swift */ = {isa = PBXFileReference; lastKnownFileType = sourcecode.swift; path = BaseAPI.swift; sourceTree = "<group>"; };
		D3706994294B80C200B137DD /* SearchViewModel.swift */ = {isa = PBXFileReference; lastKnownFileType = sourcecode.swift; path = SearchViewModel.swift; sourceTree = "<group>"; };
		D3706996294B8BA900B137DD /* Info.plist */ = {isa = PBXFileReference; lastKnownFileType = text.plist; path = Info.plist; sourceTree = "<group>"; };
		D370699A2951E36D00B137DD /* SettingView.swift */ = {isa = PBXFileReference; lastKnownFileType = sourcecode.swift; path = SettingView.swift; sourceTree = "<group>"; };
		D370699C2953223900B137DD /* Medicine.swift */ = {isa = PBXFileReference; lastKnownFileType = sourcecode.swift; path = Medicine.swift; sourceTree = "<group>"; };
		D370699E2958B8FC00B137DD /* APIKeys.swift */ = {isa = PBXFileReference; lastKnownFileType = sourcecode.swift; path = APIKeys.swift; sourceTree = "<group>"; };
/* End PBXFileReference section */

/* Begin PBXFrameworksBuildPhase section */
		D31B23C529472E2600B869A6 /* Frameworks */ = {
			isa = PBXFrameworksBuildPhase;
			buildActionMask = 2147483647;
			files = (
				D30942C42949F4EE005751BB /* SwiftUICalendar in Frameworks */,
			);
			runOnlyForDeploymentPostprocessing = 0;
		};
/* End PBXFrameworksBuildPhase section */

/* Begin PBXGroup section */
		D31373E9294B568300C519D0 /* View */ = {
			isa = PBXGroup;
			children = (
				D31373F0294B56CE00C519D0 /* CalendarView.swift */,
				D31373F2294B56E600C519D0 /* CustomDatePicker.swift */,
				D370698A294B59CD00B137DD /* AddMedicineView.swift */,
				D370698C294B5C8400B137DD /* SearchBar.swift */,
				D370698E294B5E1200B137DD /* SearchMedicineView.swift */,
				D370699A2951E36D00B137DD /* SettingView.swift */,
			);
			path = View;
			sourceTree = "<group>";
		};
		D31B23BF29472E2600B869A6 = {
			isa = PBXGroup;
			children = (
				D31B23CA29472E2600B869A6 /* MedicineTime */,
				D31B23C929472E2600B869A6 /* Products */,
			);
			sourceTree = "<group>";
		};
		D31B23C929472E2600B869A6 /* Products */ = {
			isa = PBXGroup;
			children = (
				D31B23C829472E2600B869A6 /* MedicineTime.app */,
			);
			name = Products;
			sourceTree = "<group>";
		};
		D31B23CA29472E2600B869A6 /* MedicineTime */ = {
			isa = PBXGroup;
			children = (
				D3706996294B8BA900B137DD /* Info.plist */,
				D3706993294B80B200B137DD /* ViewModel */,
				D3706990294B6DEF00B137DD /* API */,
				D3706985294B57A800B137DD /* Model */,
				D31373E9294B568300C519D0 /* View */,
				D31B23CB29472E2600B869A6 /* MedicineTimeApp.swift */,
				D31B23CD29472E2600B869A6 /* ContentView.swift */,
				D31B23CF29472E2600B869A6 /* Assets.xcassets */,
				D31B23D129472E2600B869A6 /* Preview Content */,
			);
			path = MedicineTime;
			sourceTree = "<group>";
		};
		D31B23D129472E2600B869A6 /* Preview Content */ = {
			isa = PBXGroup;
			children = (
				D31B23D229472E2600B869A6 /* Preview Assets.xcassets */,
			);
			path = "Preview Content";
			sourceTree = "<group>";
		};
		D3706985294B57A800B137DD /* Model */ = {
			isa = PBXGroup;
			children = (
				D3706986294B57BE00B137DD /* DateValue.swift */,
				D3706988294B57CB00B137DD /* Task.swift */,
				D370699C2953223900B137DD /* Medicine.swift */,
			);
			path = Model;
			sourceTree = "<group>";
		};
		D3706990294B6DEF00B137DD /* API */ = {
			isa = PBXGroup;
			children = (
				D3706991294B6DF900B137DD /* BaseAPI.swift */,
				D370699E2958B8FC00B137DD /* APIKeys.swift */,
			);
			path = API;
			sourceTree = "<group>";
		};
		D3706993294B80B200B137DD /* ViewModel */ = {
			isa = PBXGroup;
			children = (
				D3706994294B80C200B137DD /* SearchViewModel.swift */,
			);
			path = ViewModel;
			sourceTree = "<group>";
		};
/* End PBXGroup section */

/* Begin PBXNativeTarget section */
		D31B23C729472E2600B869A6 /* MedicineTime */ = {
			isa = PBXNativeTarget;
			buildConfigurationList = D31B23D629472E2600B869A6 /* Build configuration list for PBXNativeTarget "MedicineTime" */;
			buildPhases = (
				D31B23C429472E2600B869A6 /* Sources */,
				D31B23C529472E2600B869A6 /* Frameworks */,
				D31B23C629472E2600B869A6 /* Resources */,
			);
			buildRules = (
			);
			dependencies = (
			);
			name = MedicineTime;
			packageProductDependencies = (
				D30942C32949F4EE005751BB /* SwiftUICalendar */,
			);
			productName = MedicineTime;
			productReference = D31B23C829472E2600B869A6 /* MedicineTime.app */;
			productType = "com.apple.product-type.application";
		};
/* End PBXNativeTarget section */

/* Begin PBXProject section */
		D31B23C029472E2600B869A6 /* Project object */ = {
			isa = PBXProject;
			attributes = {
				BuildIndependentTargetsInParallel = 1;
				LastSwiftUpdateCheck = 1410;
				LastUpgradeCheck = 1410;
				TargetAttributes = {
					D31B23C729472E2600B869A6 = {
						CreatedOnToolsVersion = 14.1;
					};
				};
			};
			buildConfigurationList = D31B23C329472E2600B869A6 /* Build configuration list for PBXProject "MedicineTime" */;
			compatibilityVersion = "Xcode 14.0";
			developmentRegion = en;
			hasScannedForEncodings = 0;
			knownRegions = (
				en,
				Base,
			);
			mainGroup = D31B23BF29472E2600B869A6;
			packageReferences = (
				D30942C22949F4EE005751BB /* XCRemoteSwiftPackageReference "SwiftUICalendar" */,
			);
			productRefGroup = D31B23C929472E2600B869A6 /* Products */;
			projectDirPath = "";
			projectRoot = "";
			targets = (
				D31B23C729472E2600B869A6 /* MedicineTime */,
			);
		};
/* End PBXProject section */

/* Begin PBXResourcesBuildPhase section */
		D31B23C629472E2600B869A6 /* Resources */ = {
			isa = PBXResourcesBuildPhase;
			buildActionMask = 2147483647;
			files = (
				D31B23D329472E2600B869A6 /* Preview Assets.xcassets in Resources */,
				D31B23D029472E2600B869A6 /* Assets.xcassets in Resources */,
			);
			runOnlyForDeploymentPostprocessing = 0;
		};
/* End PBXResourcesBuildPhase section */

/* Begin PBXSourcesBuildPhase section */
		D31B23C429472E2600B869A6 /* Sources */ = {
			isa = PBXSourcesBuildPhase;
			buildActionMask = 2147483647;
			files = (
				D31373F1294B56CE00C519D0 /* CalendarView.swift in Sources */,
				D370698B294B59CD00B137DD /* AddMedicineView.swift in Sources */,
				D31373F3294B56E600C519D0 /* CustomDatePicker.swift in Sources */,
				D3706987294B57BE00B137DD /* DateValue.swift in Sources */,
				D370698D294B5C8400B137DD /* SearchBar.swift in Sources */,
				D3706995294B80C200B137DD /* SearchViewModel.swift in Sources */,
				D370699D2953223900B137DD /* Medicine.swift in Sources */,
				D3706992294B6DF900B137DD /* BaseAPI.swift in Sources */,
				D370699B2951E36D00B137DD /* SettingView.swift in Sources */,
				D370699F2958B8FC00B137DD /* APIKeys.swift in Sources */,
				D370698F294B5E1300B137DD /* SearchMedicineView.swift in Sources */,
				D31B23CE29472E2600B869A6 /* ContentView.swift in Sources */,
				D3706989294B57CB00B137DD /* Task.swift in Sources */,
				D31B23CC29472E2600B869A6 /* MedicineTimeApp.swift in Sources */,
			);
			runOnlyForDeploymentPostprocessing = 0;
		};
/* End PBXSourcesBuildPhase section */

/* Begin XCBuildConfiguration section */
		D31B23D429472E2600B869A6 /* Debug */ = {
			isa = XCBuildConfiguration;
			buildSettings = {
				ALWAYS_SEARCH_USER_PATHS = NO;
				CLANG_ANALYZER_NONNULL = YES;
				CLANG_ANALYZER_NUMBER_OBJECT_CONVERSION = YES_AGGRESSIVE;
				CLANG_CXX_LANGUAGE_STANDARD = "gnu++20";
				CLANG_ENABLE_MODULES = YES;
				CLANG_ENABLE_OBJC_ARC = YES;
				CLANG_ENABLE_OBJC_WEAK = YES;
				CLANG_WARN_BLOCK_CAPTURE_AUTORELEASING = YES;
				CLANG_WARN_BOOL_CONVERSION = YES;
				CLANG_WARN_COMMA = YES;
				CLANG_WARN_CONSTANT_CONVERSION = YES;
				CLANG_WARN_DEPRECATED_OBJC_IMPLEMENTATIONS = YES;
				CLANG_WARN_DIRECT_OBJC_ISA_USAGE = YES_ERROR;
				CLANG_WARN_DOCUMENTATION_COMMENTS = YES;
				CLANG_WARN_EMPTY_BODY = YES;
				CLANG_WARN_ENUM_CONVERSION = YES;
				CLANG_WARN_INFINITE_RECURSION = YES;
				CLANG_WARN_INT_CONVERSION = YES;
				CLANG_WARN_NON_LITERAL_NULL_CONVERSION = YES;
				CLANG_WARN_OBJC_IMPLICIT_RETAIN_SELF = YES;
				CLANG_WARN_OBJC_LITERAL_CONVERSION = YES;
				CLANG_WARN_OBJC_ROOT_CLASS = YES_ERROR;
				CLANG_WARN_QUOTED_INCLUDE_IN_FRAMEWORK_HEADER = YES;
				CLANG_WARN_RANGE_LOOP_ANALYSIS = YES;
				CLANG_WARN_STRICT_PROTOTYPES = YES;
				CLANG_WARN_SUSPICIOUS_MOVE = YES;
				CLANG_WARN_UNGUARDED_AVAILABILITY = YES_AGGRESSIVE;
				CLANG_WARN_UNREACHABLE_CODE = YES;
				CLANG_WARN__DUPLICATE_METHOD_MATCH = YES;
				COPY_PHASE_STRIP = NO;
				DEBUG_INFORMATION_FORMAT = dwarf;
				ENABLE_STRICT_OBJC_MSGSEND = YES;
				ENABLE_TESTABILITY = YES;
				GCC_C_LANGUAGE_STANDARD = gnu11;
				GCC_DYNAMIC_NO_PIC = NO;
				GCC_NO_COMMON_BLOCKS = YES;
				GCC_OPTIMIZATION_LEVEL = 0;
				GCC_PREPROCESSOR_DEFINITIONS = (
					"DEBUG=1",
					"$(inherited)",
				);
				GCC_WARN_64_TO_32_BIT_CONVERSION = YES;
				GCC_WARN_ABOUT_RETURN_TYPE = YES_ERROR;
				GCC_WARN_UNDECLARED_SELECTOR = YES;
				GCC_WARN_UNINITIALIZED_AUTOS = YES_AGGRESSIVE;
				GCC_WARN_UNUSED_FUNCTION = YES;
				GCC_WARN_UNUSED_VARIABLE = YES;
				IPHONEOS_DEPLOYMENT_TARGET = 14.0;
				MTL_ENABLE_DEBUG_INFO = INCLUDE_SOURCE;
				MTL_FAST_MATH = YES;
				ONLY_ACTIVE_ARCH = YES;
				SDKROOT = iphoneos;
				SWIFT_ACTIVE_COMPILATION_CONDITIONS = DEBUG;
				SWIFT_OPTIMIZATION_LEVEL = "-Onone";
			};
			name = Debug;
		};
		D31B23D529472E2600B869A6 /* Release */ = {
			isa = XCBuildConfiguration;
			buildSettings = {
				ALWAYS_SEARCH_USER_PATHS = NO;
				CLANG_ANALYZER_NONNULL = YES;
				CLANG_ANALYZER_NUMBER_OBJECT_CONVERSION = YES_AGGRESSIVE;
				CLANG_CXX_LANGUAGE_STANDARD = "gnu++20";
				CLANG_ENABLE_MODULES = YES;
				CLANG_ENABLE_OBJC_ARC = YES;
				CLANG_ENABLE_OBJC_WEAK = YES;
				CLANG_WARN_BLOCK_CAPTURE_AUTORELEASING = YES;
				CLANG_WARN_BOOL_CONVERSION = YES;
				CLANG_WARN_COMMA = YES;
				CLANG_WARN_CONSTANT_CONVERSION = YES;
				CLANG_WARN_DEPRECATED_OBJC_IMPLEMENTATIONS = YES;
				CLANG_WARN_DIRECT_OBJC_ISA_USAGE = YES_ERROR;
				CLANG_WARN_DOCUMENTATION_COMMENTS = YES;
				CLANG_WARN_EMPTY_BODY = YES;
				CLANG_WARN_ENUM_CONVERSION = YES;
				CLANG_WARN_INFINITE_RECURSION = YES;
				CLANG_WARN_INT_CONVERSION = YES;
				CLANG_WARN_NON_LITERAL_NULL_CONVERSION = YES;
				CLANG_WARN_OBJC_IMPLICIT_RETAIN_SELF = YES;
				CLANG_WARN_OBJC_LITERAL_CONVERSION = YES;
				CLANG_WARN_OBJC_ROOT_CLASS = YES_ERROR;
				CLANG_WARN_QUOTED_INCLUDE_IN_FRAMEWORK_HEADER = YES;
				CLANG_WARN_RANGE_LOOP_ANALYSIS = YES;
				CLANG_WARN_STRICT_PROTOTYPES = YES;
				CLANG_WARN_SUSPICIOUS_MOVE = YES;
				CLANG_WARN_UNGUARDED_AVAILABILITY = YES_AGGRESSIVE;
				CLANG_WARN_UNREACHABLE_CODE = YES;
				CLANG_WARN__DUPLICATE_METHOD_MATCH = YES;
				COPY_PHASE_STRIP = NO;
				DEBUG_INFORMATION_FORMAT = "dwarf-with-dsym";
				ENABLE_NS_ASSERTIONS = NO;
				ENABLE_STRICT_OBJC_MSGSEND = YES;
				GCC_C_LANGUAGE_STANDARD = gnu11;
				GCC_NO_COMMON_BLOCKS = YES;
				GCC_WARN_64_TO_32_BIT_CONVERSION = YES;
				GCC_WARN_ABOUT_RETURN_TYPE = YES_ERROR;
				GCC_WARN_UNDECLARED_SELECTOR = YES;
				GCC_WARN_UNINITIALIZED_AUTOS = YES_AGGRESSIVE;
				GCC_WARN_UNUSED_FUNCTION = YES;
				GCC_WARN_UNUSED_VARIABLE = YES;
				IPHONEOS_DEPLOYMENT_TARGET = 14.0;
				MTL_ENABLE_DEBUG_INFO = NO;
				MTL_FAST_MATH = YES;
				SDKROOT = iphoneos;
				SWIFT_COMPILATION_MODE = wholemodule;
				SWIFT_OPTIMIZATION_LEVEL = "-O";
				VALIDATE_PRODUCT = YES;
			};
			name = Release;
		};
		D31B23D729472E2600B869A6 /* Debug */ = {
			isa = XCBuildConfiguration;
			buildSettings = {
				ASSETCATALOG_COMPILER_APPICON_NAME = AppIcon;
				ASSETCATALOG_COMPILER_GLOBAL_ACCENT_COLOR_NAME = AccentColor;
				CODE_SIGN_STYLE = Automatic;
				CURRENT_PROJECT_VERSION = 1;
				DEVELOPMENT_ASSET_PATHS = "\"MedicineTime/Preview Content\"";
				DEVELOPMENT_TEAM = 9XD488YM8C;
				ENABLE_PREVIEWS = YES;
				GENERATE_INFOPLIST_FILE = YES;
				INFOPLIST_FILE = MedicineTime/Info.plist;
				INFOPLIST_KEY_UIApplicationSceneManifest_Generation = YES;
				INFOPLIST_KEY_UIApplicationSupportsIndirectInputEvents = YES;
				INFOPLIST_KEY_UILaunchScreen_Generation = YES;
				INFOPLIST_KEY_UISupportedInterfaceOrientations = UIInterfaceOrientationPortrait;
				INFOPLIST_KEY_UISupportedInterfaceOrientations_iPad = "UIInterfaceOrientationLandscapeLeft UIInterfaceOrientationLandscapeRight UIInterfaceOrientationPortrait UIInterfaceOrientationPortraitUpsideDown";
				LD_RUNPATH_SEARCH_PATHS = (
					"$(inherited)",
					"@executable_path/Frameworks",
				);
				MARKETING_VERSION = 1.0;
				PRODUCT_BUNDLE_IDENTIFIER = com.noah.MedicineTime;
				PRODUCT_NAME = "$(TARGET_NAME)";
				SUPPORTED_PLATFORMS = "iphoneos iphonesimulator";
				SUPPORTS_MACCATALYST = NO;
				SUPPORTS_MAC_DESIGNED_FOR_IPHONE_IPAD = YES;
				SWIFT_EMIT_LOC_STRINGS = YES;
				SWIFT_VERSION = 5.0;
				TARGETED_DEVICE_FAMILY = 1;
			};
			name = Debug;
		};
		D31B23D829472E2600B869A6 /* Release */ = {
			isa = XCBuildConfiguration;
			buildSettings = {
				ASSETCATALOG_COMPILER_APPICON_NAME = AppIcon;
				ASSETCATALOG_COMPILER_GLOBAL_ACCENT_COLOR_NAME = AccentColor;
				CODE_SIGN_STYLE = Automatic;
				CURRENT_PROJECT_VERSION = 1;
				DEVELOPMENT_ASSET_PATHS = "\"MedicineTime/Preview Content\"";
				DEVELOPMENT_TEAM = 9XD488YM8C;
				ENABLE_PREVIEWS = YES;
				GENERATE_INFOPLIST_FILE = YES;
				INFOPLIST_FILE = MedicineTime/Info.plist;
				INFOPLIST_KEY_UIApplicationSceneManifest_Generation = YES;
				INFOPLIST_KEY_UIApplicationSupportsIndirectInputEvents = YES;
				INFOPLIST_KEY_UILaunchScreen_Generation = YES;
				INFOPLIST_KEY_UISupportedInterfaceOrientations = UIInterfaceOrientationPortrait;
				INFOPLIST_KEY_UISupportedInterfaceOrientations_iPad = "UIInterfaceOrientationLandscapeLeft UIInterfaceOrientationLandscapeRight UIInterfaceOrientationPortrait UIInterfaceOrientationPortraitUpsideDown";
				LD_RUNPATH_SEARCH_PATHS = (
					"$(inherited)",
					"@executable_path/Frameworks",
				);
				MARKETING_VERSION = 1.0;
				PRODUCT_BUNDLE_IDENTIFIER = com.noah.MedicineTime;
				PRODUCT_NAME = "$(TARGET_NAME)";
				SUPPORTED_PLATFORMS = "iphoneos iphonesimulator";
				SUPPORTS_MACCATALYST = NO;
				SUPPORTS_MAC_DESIGNED_FOR_IPHONE_IPAD = YES;
				SWIFT_EMIT_LOC_STRINGS = YES;
				SWIFT_VERSION = 5.0;
				TARGETED_DEVICE_FAMILY = 1;
			};
			name = Release;
		};
/* End XCBuildConfiguration section */

/* Begin XCConfigurationList section */
		D31B23C329472E2600B869A6 /* Build configuration list for PBXProject "MedicineTime" */ = {
			isa = XCConfigurationList;
			buildConfigurations = (
				D31B23D429472E2600B869A6 /* Debug */,
				D31B23D529472E2600B869A6 /* Release */,
			);
			defaultConfigurationIsVisible = 0;
			defaultConfigurationName = Release;
		};
		D31B23D629472E2600B869A6 /* Build configuration list for PBXNativeTarget "MedicineTime" */ = {
			isa = XCConfigurationList;
			buildConfigurations = (
				D31B23D729472E2600B869A6 /* Debug */,
				D31B23D829472E2600B869A6 /* Release */,
			);
			defaultConfigurationIsVisible = 0;
			defaultConfigurationName = Release;
		};
/* End XCConfigurationList section */

/* Begin XCRemoteSwiftPackageReference section */
		D30942C22949F4EE005751BB /* XCRemoteSwiftPackageReference "SwiftUICalendar" */ = {
			isa = XCRemoteSwiftPackageReference;
			repositoryURL = "https://github.com/GGJJack/SwiftUICalendar";
			requirement = {
				kind = upToNextMajorVersion;
				minimumVersion = 0.1.6;
			};
		};
/* End XCRemoteSwiftPackageReference section */

/* Begin XCSwiftPackageProductDependency section */
		D30942C32949F4EE005751BB /* SwiftUICalendar */ = {
			isa = XCSwiftPackageProductDependency;
			package = D30942C22949F4EE005751BB /* XCRemoteSwiftPackageReference "SwiftUICalendar" */;
			productName = SwiftUICalendar;
		};
/* End XCSwiftPackageProductDependency section */
	};
	rootObject = D31B23C029472E2600B869A6 /* Project object */;
}
